Microsoft Visual Studio Solution File, Format Version 12.00
# Visual Studio Version 17
VisualStudioVersion = 17.5.2.0
MinimumVisualStudioVersion = 10.0.40219.1
Project("{FAE04EC0-301F-11D3-BF4B-00C04F79EFBC}") = "NewContactManager", "NewContactManager.csproj", "{DAFC4AA1-9892-7828-347C-1C9A6AABC787}"
EndProject
Global
	GlobalSection(SolutionConfigurationPlatforms) = preSolution
		Debug|Any CPU = Debug|Any CPU
		Release|Any CPU = Release|Any CPU
	EndGlobalSection
	GlobalSection(ProjectConfigurationPlatforms) = postSolution
		{DAFC4AA1-9892-7828-347C-1C9A6AABC787}.Debug|Any CPU.ActiveCfg = Debug|Any CPU
		{DAFC4AA1-9892-7828-347C-1C9A6AABC787}.Debug|Any CPU.Build.0 = Debug|Any CPU
		{DAFC4AA1-9892-7828-347C-1C9A6AABC787}.Release|Any CPU.ActiveCfg = Release|Any CPU
		{DAFC4AA1-9892-7828-347C-1C9A6AABC787}.Release|Any CPU.Build.0 = Release|Any CPU
	EndGlobalSection
	GlobalSection(SolutionProperties) = preSolution
		HideSolutionNode = FALSE
	EndGlobalSection
	GlobalSection(ExtensibilityGlobals) = postSolution
		SolutionGuid = {7236505F-D163-4BF0-9BE7-4C95BBA04301}
	EndGlobalSection
EndGlobal
